
Microsoft Visual Studio Solution File, Format Version 12.00
# Visual Studio 14
VisualStudioVersion = 14.0.25420.1
MinimumVisualStudioVersion = 10.0.40219.1
Project("{FAE04EC0-301F-11D3-BF4B-00C04F79EFBC}") = "DungeonCrawl", "DungeonCrawl\DungeonCrawl.csproj", "{CAB3515F-4EAD-4B16-953C-8DFB91B812FF}"
EndProject
Project("{FAE04EC0-301F-11D3-BF4B-00C04F79EFBC}") = "ClassLibrary", "ClassLibrary\ClassLibrary.csproj", "{29DB2E95-0685-4503-B492-50735954DF00}"
EndProject
Global
	GlobalSection(SolutionConfigurationPlatforms) = preSolution
		Debug|Any CPU = Debug|Any CPU
		Release|Any CPU = Release|Any CPU
	EndGlobalSection
	GlobalSection(ProjectConfigurationPlatforms) = postSolution
		{CAB3515F-4EAD-4B16-953C-8DFB91B812FF}.Debug|Any CPU.ActiveCfg = Debug|Any CPU
		{CAB3515F-4EAD-4B16-953C-8DFB91B812FF}.Debug|Any CPU.Build.0 = Debug|Any CPU
		{CAB3515F-4EAD-4B16-953C-8DFB91B812FF}.Release|Any CPU.ActiveCfg = Release|Any CPU
		{CAB3515F-4EAD-4B16-953C-8DFB91B812FF}.Release|Any CPU.Build.0 = Release|Any CPU
		{29DB2E95-0685-4503-B492-50735954DF00}.Debug|Any CPU.ActiveCfg = Debug|Any CPU
		{29DB2E95-0685-4503-B492-50735954DF00}.Debug|Any CPU.Build.0 = Debug|Any CPU
		{29DB2E95-0685-4503-B492-50735954DF00}.Release|Any CPU.ActiveCfg = Release|Any CPU
		{29DB2E95-0685-4503-B492-50735954DF00}.Release|Any CPU.Build.0 = Release|Any CPU
	EndGlobalSection
	GlobalSection(SolutionProperties) = preSolution
		HideSolutionNode = FALSE
	EndGlobalSection
EndGlobal
